
Microsoft Visual Studio Solution File, Format Version 12.00
# Visual Studio Version 16
VisualStudioVersion = 16.0.31129.286
MinimumVisualStudioVersion = 10.0.40219.1
Project("{FAE04EC0-301F-11D3-BF4B-00C04F79EFBC}") = "Calculator - MenuStrip", "Calculator - MenuStrip.csproj", "{07C3B05D-1429-45BF-A6D8-A7EFB5D72893}"
EndProject
Global
	GlobalSection(SolutionConfigurationPlatforms) = preSolution
		Debug|Any CPU = Debug|Any CPU
		Release|Any CPU = Release|Any CPU
	EndGlobalSection
	GlobalSection(ProjectConfigurationPlatforms) = postSolution
		{07C3B05D-1429-45BF-A6D8-A7EFB5D72893}.Debug|Any CPU.ActiveCfg = Debug|Any CPU
		{07C3B05D-1429-45BF-A6D8-A7EFB5D72893}.Debug|Any CPU.Build.0 = Debug|Any CPU
		{07C3B05D-1429-45BF-A6D8-A7EFB5D72893}.Release|Any CPU.ActiveCfg = Release|Any CPU
		{07C3B05D-1429-45BF-A6D8-A7EFB5D72893}.Release|Any CPU.Build.0 = Release|Any CPU
	EndGlobalSection
	GlobalSection(SolutionProperties) = preSolution
		HideSolutionNode = FALSE
	EndGlobalSection
	GlobalSection(ExtensibilityGlobals) = postSolution
		SolutionGuid = {060CF79D-A3C4-47B0-A8FC-ABDB9279F7FF}
	EndGlobalSection
EndGlobal
